{
  "requires": true,
  "lockfileVersion": 1,
  "dependencies": {
    "@coreui/coreui": {
      "version": "2.1.16",
      "resolved": "https://registry.npmjs.org/@coreui/coreui/-/coreui-2.1.16.tgz",
      "integrity": "sha512-1YOnQAlcX2bIgnaX3k9GKaN4lD+wKam7tdDfFj7/ZQTN1XG3dwDELHp4aagWQs78ix2CCO1LyeLrzGpsMcLW3Q==",
      "requires": {
        "@coreui/coreui-plugin-npm-postinstall": "^1.0.2",
        "bootstrap": "^4.3.1",
        "core-js": "^3.3.4",
        "regenerator-runtime": "^0.13.3"
      }
    },
    "@coreui/coreui-plugin-chartjs-custom-tooltips": {
      "version": "1.2.0",
      "resolved": "https://registry.npmjs.org/@coreui/coreui-plugin-chartjs-custom-tooltips/-/coreui-plugin-chartjs-custom-tooltips-1.2.0.tgz",
      "integrity": "sha512-+dCytUJQ4xlMqlLoA9oOTCoxWEJSX9Kv+bCxSFJNqR1PvYzcpXGu/B6AO38GgLfanK0KDKe+uhf1jod7agsMJA==",
      "requires": {
        "ms": "^2.1.1"
      }
    },
    "@coreui/coreui-plugin-npm-postinstall": {
      "version": "1.0.2",
      "resolved": "https://registry.npmjs.org/@coreui/coreui-plugin-npm-postinstall/-/coreui-plugin-npm-postinstall-1.0.2.tgz",
      "integrity": "sha512-yeeoWp+bNS84nP1977Y8UCiQ9pssO+f4QuVj3i0/gYZFjjvOgxx0dnyWhtowD5sLYnCRMPlPpqyjwXze3SlkYg=="
    },
    "bootstrap": {
      "version": "4.3.1",
      "resolved": "https://registry.npmjs.org/bootstrap/-/bootstrap-4.3.1.tgz",
      "integrity": "sha512-rXqOmH1VilAt2DyPzluTi2blhk17bO7ef+zLLPlWvG494pDxcM234pJ8wTc/6R40UWizAIIMgxjvxZg5kmsbag=="
    },
    "core-js": {
      "version": "3.4.0",
      "resolved": "https://registry.npmjs.org/core-js/-/core-js-3.4.0.tgz",
      "integrity": "sha512-lQxb4HScV71YugF/X28LtePZj9AB7WqOpcB+YztYxusvhrgZiQXPmCYfPC5LHsw/+ScEtDbXU3xbqH3CjBRmYA=="
    },
    "ms": {
      "version": "2.1.2",
      "resolved": "https://registry.npmjs.org/ms/-/ms-2.1.2.tgz",
      "integrity": "sha512-sGkPx+VjMtmA6MX27oA4FBFELFCZZ4S4XqeGOXCv68tT+jb3vk/RyaKWP0PTKyWtmLSM0b+adUTEvbs1PEaH2w=="
    },
    "regenerator-runtime": {
      "version": "0.13.3",
      "resolved": "https://registry.npmjs.org/regenerator-runtime/-/regenerator-runtime-0.13.3.tgz",
      "integrity": "sha512-naKIZz2GQ8JWh///G7L3X6LaQUAMp2lvb1rvwwsURe/VXwD6VMfr+/1NuNw3ag8v2kY1aQ/go5SNn79O9JU7yw=="
    }
  }
}
